
Microsoft Visual Studio Solution File, Format Version 12.00
# Visual Studio Version 17
VisualStudioVersion = 17.14.36301.6 d17.14
MinimumVisualStudioVersion = 10.0.40219.1
Project("{FAE04EC0-301F-11D3-BF4B-00C04F79EFBC}") = "Library_maintenance", "Library_maintenance\Library_maintenance.csproj", "{60741914-9407-4C99-83B3-CEDE374F1376}"
EndProject
Global
	GlobalSection(SolutionConfigurationPlatforms) = preSolution
		Debug|Any CPU = Debug|Any CPU
		Release|Any CPU = Release|Any CPU
	EndGlobalSection
	GlobalSection(ProjectConfigurationPlatforms) = postSolution
		{60741914-9407-4C99-83B3-CEDE374F1376}.Debug|Any CPU.ActiveCfg = Debug|Any CPU
		{60741914-9407-4C99-83B3-CEDE374F1376}.Debug|Any CPU.Build.0 = Debug|Any CPU
		{60741914-9407-4C99-83B3-CEDE374F1376}.Release|Any CPU.ActiveCfg = Release|Any CPU
		{60741914-9407-4C99-83B3-CEDE374F1376}.Release|Any CPU.Build.0 = Release|Any CPU
	EndGlobalSection
	GlobalSection(SolutionProperties) = preSolution
		HideSolutionNode = FALSE
	EndGlobalSection
	GlobalSection(ExtensibilityGlobals) = postSolution
		SolutionGuid = {7906BB18-2FE5-4EC2-8319-398FCECBD149}
	EndGlobalSection
EndGlobal
